// !$*UTF8*$!
{
	archiveVersion = 1;
	classes = {
	};
	objectVersion = 46;
	objects = {

/* Begin PBXBuildFile section */
		092245401EC3FC40008AF869 /* SliderView.xib in Resources */ = {isa = PBXBuildFile; fileRef = 0922453F1EC3FC40008AF869 /* SliderView.xib */; };
		092C7C4C1EC3EED200BEA09D /* SliderView.swift in Sources */ = {isa = PBXBuildFile; fileRef = 092C7C4B1EC3EED200BEA09D /* SliderView.swift */; };
		09F05B751EC2FFA200A770CA /* AppDelegate.swift in Sources */ = {isa = PBXBuildFile; fileRef = 09F05B741EC2FFA200A770CA /* AppDelegate.swift */; };
		09F05B771EC2FFA200A770CA /* ViewController.swift in Sources */ = {isa = PBXBuildFile; fileRef = 09F05B761EC2FFA200A770CA /* ViewController.swift */; };
		09F05B7A1EC2FFA200A770CA /* Main.storyboard in Resources */ = {isa = PBXBuildFile; fileRef = 09F05B781EC2FFA200A770CA /* Main.storyboard */; };
		09F05B7C1EC2FFA200A770CA /* Assets.xcassets in Resources */ = {isa = PBXBuildFile; fileRef = 09F05B7B1EC2FFA200A770CA /* Assets.xcassets */; };
		09F05B7F1EC2FFA200A770CA /* LaunchScreen.storyboard in Resources */ = {isa = PBXBuildFile; fileRef = 09F05B7D1EC2FFA200A770CA /* LaunchScreen.storyboard */; };
		09F05B891EC3009400A770CA /* MyAlertController.swift in Sources */ = {isa = PBXBuildFile; fileRef = 09F05B881EC3009400A770CA /* MyAlertController.swift */; };
		09F05B8A1EC3057400A770CA /* MyAlertController.xib in Resources */ = {isa = PBXBuildFile; fileRef = 09F05B8C1EC3057400A770CA /* MyAlertController.xib */; };
/* End PBXBuildFile section */

/* Begin PBXFileReference section */
		0922453F1EC3FC40008AF869 /* SliderView.xib */ = {isa = PBXFileReference; fileEncoding = 4; lastKnownFileType = file.xib; path = SliderView.xib; sourceTree = "<group>"; };
		092C7C4B1EC3EED200BEA09D /* SliderView.swift */ = {isa = PBXFileReference; fileEncoding = 4; lastKnownFileType = sourcecode.swift; path = SliderView.swift; sourceTree = "<group>"; };
		09F05B711EC2FFA200A770CA /* studyRenderAsAlertController.app */ = {isa = PBXFileReference; explicitFileType = wrapper.application; includeInIndex = 0; path = studyRenderAsAlertController.app; sourceTree = BUILT_PRODUCTS_DIR; };
		09F05B741EC2FFA200A770CA /* AppDelegate.swift */ = {isa = PBXFileReference; lastKnownFileType = sourcecode.swift; path = AppDelegate.swift; sourceTree = "<group>"; };
		09F05B761EC2FFA200A770CA /* ViewController.swift */ = {isa = PBXFileReference; lastKnownFileType = sourcecode.swift; path = ViewController.swift; sourceTree = "<group>"; };
		09F05B791EC2FFA200A770CA /* Base */ = {isa = PBXFileReference; lastKnownFileType = file.storyboard; name = Base; path = Base.lproj/Main.storyboard; sourceTree = "<group>"; };
		09F05B7B1EC2FFA200A770CA /* Assets.xcassets */ = {isa = PBXFileReference; lastKnownFileType = folder.assetcatalog; path = Assets.xcassets; sourceTree = "<group>"; };
		09F05B7E1EC2FFA200A770CA /* Base */ = {isa = PBXFileReference; lastKnownFileType = file.storyboard; name = Base; path = Base.lproj/LaunchScreen.storyboard; sourceTree = "<group>"; };
		09F05B801EC2FFA200A770CA /* Info.plist */ = {isa = PBXFileReference; lastKnownFileType = text.plist.xml; path = Info.plist; sourceTree = "<group>"; };
		09F05B881EC3009400A770CA /* MyAlertController.swift */ = {isa = PBXFileReference; fileEncoding = 4; lastKnownFileType = sourcecode.swift; path = MyAlertController.swift; sourceTree = "<group>"; };
		09F05B8B1EC3057400A770CA /* Base */ = {isa = PBXFileReference; lastKnownFileType = file.xib; name = Base; path = Base.lproj/MyAlertController.xib; sourceTree = "<group>"; };
/* End PBXFileReference section */

/* Begin PBXFrameworksBuildPhase section */
		09F05B6E1EC2FFA200A770CA /* Frameworks */ = {
			isa = PBXFrameworksBuildPhase;
			buildActionMask = 2147483647;
			files = (
			);
			runOnlyForDeploymentPostprocessing = 0;
		};
/* End PBXFrameworksBuildPhase section */

/* Begin PBXGroup section */
		09F05B681EC2FFA200A770CA = {
			isa = PBXGroup;
			children = (
				09F05B731EC2FFA200A770CA /* studyRenderAsAlertController */,
				09F05B721EC2FFA200A770CA /* Products */,
			);
			sourceTree = "<group>";
		};
		09F05B721EC2FFA200A770CA /* Products */ = {
			isa = PBXGroup;
			children = (
				09F05B711EC2FFA200A770CA /* studyRenderAsAlertController.app */,
			);
			name = Products;
			sourceTree = "<group>";
		};
		09F05B731EC2FFA200A770CA /* studyRenderAsAlertController */ = {
			isa = PBXGroup;
			children = (
				09F05B741EC2FFA200A770CA /* AppDelegate.swift */,
				09F05B761EC2FFA200A770CA /* ViewController.swift */,
				09F05B781EC2FFA200A770CA /* Main.storyboard */,
				09F05B7B1EC2FFA200A770CA /* Assets.xcassets */,
				09F05B7D1EC2FFA200A770CA /* LaunchScreen.storyboard */,
				09F05B801EC2FFA200A770CA /* Info.plist */,
				09F05B8C1EC3057400A770CA /* MyAlertController.xib */,
				09F05B881EC3009400A770CA /* MyAlertController.swift */,
				092C7C4B1EC3EED200BEA09D /* SliderView.swift */,
				0922453F1EC3FC40008AF869 /* SliderView.xib */,
			);
			path = studyRenderAsAlertController;
			sourceTree = "<group>";
		};
/* End PBXGroup section */

/* Begin PBXNativeTarget section */
		09F05B701EC2FFA200A770CA /* studyRenderAsAlertController */ = {
			isa = PBXNativeTarget;
			buildConfigurationList = 09F05B831EC2FFA200A770CA /* Build configuration list for PBXNativeTarget "studyRenderAsAlertController" */;
			buildPhases = (
				09F05B6D1EC2FFA200A770CA /* Sources */,
				09F05B6E1EC2FFA200A770CA /* Frameworks */,
				09F05B6F1EC2FFA200A770CA /* Resources */,
			);
			buildRules = (
			);
			dependencies = (
			);
			name = studyRenderAsAlertController;
			productName = studyRenderAsAlertController;
			productReference = 09F05B711EC2FFA200A770CA /* studyRenderAsAlertController.app */;
			productType = "com.apple.product-type.application";
		};
/* End PBXNativeTarget section */

/* Begin PBXProject section */
		09F05B691EC2FFA200A770CA /* Project object */ = {
			isa = PBXProject;
			attributes = {
				LastSwiftUpdateCheck = 0830;
				LastUpgradeCheck = 0830;
				ORGANIZATIONNAME = wa0327;
				TargetAttributes = {
					09F05B701EC2FFA200A770CA = {
						CreatedOnToolsVersion = 8.3.2;
						DevelopmentTeam = A2PUX8CBKK;
						ProvisioningStyle = Automatic;
					};
				};
			};
			buildConfigurationList = 09F05B6C1EC2FFA200A770CA /* Build configuration list for PBXProject "studyRenderAsAlertController" */;
			compatibilityVersion = "Xcode 3.2";
			developmentRegion = English;
			hasScannedForEncodings = 0;
			knownRegions = (
				en,
				Base,
			);
			mainGroup = 09F05B681EC2FFA200A770CA;
			productRefGroup = 09F05B721EC2FFA200A770CA /* Products */;
			projectDirPath = "";
			projectRoot = "";
			targets = (
				09F05B701EC2FFA200A770CA /* studyRenderAsAlertController */,
			);
		};
/* End PBXProject section */

/* Begin PBXResourcesBuildPhase section */
		09F05B6F1EC2FFA200A770CA /* Resources */ = {
			isa = PBXResourcesBuildPhase;
			buildActionMask = 2147483647;
			files = (
				09F05B8A1EC3057400A770CA /* MyAlertController.xib in Resources */,
				09F05B7F1EC2FFA200A770CA /* LaunchScreen.storyboard in Resources */,
				092245401EC3FC40008AF869 /* SliderView.xib in Resources */,
				09F05B7C1EC2FFA200A770CA /* Assets.xcassets in Resources */,
				09F05B7A1EC2FFA200A770CA /* Main.storyboard in Resources */,
			);
			runOnlyForDeploymentPostprocessing = 0;
		};
/* End PBXResourcesBuildPhase section */

/* Begin PBXSourcesBuildPhase section */
		09F05B6D1EC2FFA200A770CA /* Sources */ = {
			isa = PBXSourcesBuildPhase;
			buildActionMask = 2147483647;
			files = (
				09F05B771EC2FFA200A770CA /* ViewController.swift in Sources */,
				092C7C4C1EC3EED200BEA09D /* SliderView.swift in Sources */,
				09F05B891EC3009400A770CA /* MyAlertController.swift in Sources */,
				09F05B751EC2FFA200A770CA /* AppDelegate.swift in Sources */,
			);
			runOnlyForDeploymentPostprocessing = 0;
		};
/* End PBXSourcesBuildPhase section */

/* Begin PBXVariantGroup section */
		09F05B781EC2FFA200A770CA /* Main.storyboard */ = {
			isa = PBXVariantGroup;
			children = (
				09F05B791EC2FFA200A770CA /* Base */,
			);
			name = Main.storyboard;
			sourceTree = "<group>";
		};
		09F05B7D1EC2FFA200A770CA /* LaunchScreen.storyboard */ = {
			isa = PBXVariantGroup;
			children = (
				09F05B7E1EC2FFA200A770CA /* Base */,
			);
			name = LaunchScreen.storyboard;
			sourceTree = "<group>";
		};
		09F05B8C1EC3057400A770CA /* MyAlertController.xib */ = {
			isa = PBXVariantGroup;
			children = (
				09F05B8B1EC3057400A770CA /* Base */,
			);
			name = MyAlertController.xib;
			sourceTree = "<group>";
		};
/* End PBXVariantGroup section */

/* Begin XCBuildConfiguration section */
		09F05B811EC2FFA200A770CA /* Debug */ = {
			isa = XCBuildConfiguration;
			buildSettings = {
				ALWAYS_SEARCH_USER_PATHS = NO;
				CLANG_ANALYZER_NONNULL = YES;
				CLANG_ANALYZER_NUMBER_OBJECT_CONVERSION = YES_AGGRESSIVE;
				CLANG_CXX_LANGUAGE_STANDARD = "gnu++0x";
				CLANG_CXX_LIBRARY = "libc++";
				CLANG_ENABLE_MODULES = YES;
				CLANG_ENABLE_OBJC_ARC = YES;
				CLANG_WARN_BOOL_CONVERSION = YES;
				CLANG_WARN_CONSTANT_CONVERSION = YES;
				CLANG_WARN_DIRECT_OBJC_ISA_USAGE = YES_ERROR;
				CLANG_WARN_DOCUMENTATION_COMMENTS = YES;
				CLANG_WARN_EMPTY_BODY = YES;
				CLANG_WARN_ENUM_CONVERSION = YES;
				CLANG_WARN_INFINITE_RECURSION = YES;
				CLANG_WARN_INT_CONVERSION = YES;
				CLANG_WARN_OBJC_ROOT_CLASS = YES_ERROR;
				CLANG_WARN_SUSPICIOUS_MOVE = YES;
				CLANG_WARN_UNREACHABLE_CODE = YES;
				CLANG_WARN__DUPLICATE_METHOD_MATCH = YES;
				"CODE_SIGN_IDENTITY[sdk=iphoneos*]" = "iPhone Developer";
				COPY_PHASE_STRIP = NO;
				DEBUG_INFORMATION_FORMAT = dwarf;
				ENABLE_STRICT_OBJC_MSGSEND = YES;
				ENABLE_TESTABILITY = YES;
				GCC_C_LANGUAGE_STANDARD = gnu99;
				GCC_DYNAMIC_NO_PIC = NO;
				GCC_NO_COMMON_BLOCKS = YES;
				GCC_OPTIMIZATION_LEVEL = 0;
				GCC_PREPROCESSOR_DEFINITIONS = (
					"DEBUG=1",
					"$(inherited)",
				);
				GCC_WARN_64_TO_32_BIT_CONVERSION = YES;
				GCC_WARN_ABOUT_RETURN_TYPE = YES_ERROR;
				GCC_WARN_UNDECLARED_SELECTOR = YES;
				GCC_WARN_UNINITIALIZED_AUTOS = YES_AGGRESSIVE;
				GCC_WARN_UNUSED_FUNCTION = YES;
				GCC_WARN_UNUSED_VARIABLE = YES;
				IPHONEOS_DEPLOYMENT_TARGET = 10.3;
				MTL_ENABLE_DEBUG_INFO = YES;
				ONLY_ACTIVE_ARCH = YES;
				SDKROOT = iphoneos;
				SWIFT_ACTIVE_COMPILATION_CONDITIONS = DEBUG;
				SWIFT_OPTIMIZATION_LEVEL = "-Onone";
				TARGETED_DEVICE_FAMILY = "1,2";
			};
			name = Debug;
		};
		09F05B821EC2FFA200A770CA /* Release */ = {
			isa = XCBuildConfiguration;
			buildSettings = {
				ALWAYS_SEARCH_USER_PATHS = NO;
				CLANG_ANALYZER_NONNULL = YES;
				CLANG_ANALYZER_NUMBER_OBJECT_CONVERSION = YES_AGGRESSIVE;
				CLANG_CXX_LANGUAGE_STANDARD = "gnu++0x";
				CLANG_CXX_LIBRARY = "libc++";
				CLANG_ENABLE_MODULES = YES;
				CLANG_ENABLE_OBJC_ARC = YES;
				CLANG_WARN_BOOL_CONVERSION = YES;
				CLANG_WARN_CONSTANT_CONVERSION = YES;
				CLANG_WARN_DIRECT_OBJC_ISA_USAGE = YES_ERROR;
				CLANG_WARN_DOCUMENTATION_COMMENTS = YES;
				CLANG_WARN_EMPTY_BODY = YES;
				CLANG_WARN_ENUM_CONVERSION = YES;
				CLANG_WARN_INFINITE_RECURSION = YES;
				CLANG_WARN_INT_CONVERSION = YES;
				CLANG_WARN_OBJC_ROOT_CLASS = YES_ERROR;
				CLANG_WARN_SUSPICIOUS_MOVE = YES;
				CLANG_WARN_UNREACHABLE_CODE = YES;
				CLANG_WARN__DUPLICATE_METHOD_MATCH = YES;
				"CODE_SIGN_IDENTITY[sdk=iphoneos*]" = "iPhone Developer";
				COPY_PHASE_STRIP = NO;
				DEBUG_INFORMATION_FORMAT = "dwarf-with-dsym";
				ENABLE_NS_ASSERTIONS = NO;
				ENABLE_STRICT_OBJC_MSGSEND = YES;
				GCC_C_LANGUAGE_STANDARD = gnu99;
				GCC_NO_COMMON_BLOCKS = YES;
				GCC_WARN_64_TO_32_BIT_CONVERSION = YES;
				GCC_WARN_ABOUT_RETURN_TYPE = YES_ERROR;
				GCC_WARN_UNDECLARED_SELECTOR = YES;
				GCC_WARN_UNINITIALIZED_AUTOS = YES_AGGRESSIVE;
				GCC_WARN_UNUSED_FUNCTION = YES;
				GCC_WARN_UNUSED_VARIABLE = YES;
				IPHONEOS_DEPLOYMENT_TARGET = 10.3;
				MTL_ENABLE_DEBUG_INFO = NO;
				SDKROOT = iphoneos;
				SWIFT_OPTIMIZATION_LEVEL = "-Owholemodule";
				TARGETED_DEVICE_FAMILY = "1,2";
				VALIDATE_PRODUCT = YES;
			};
			name = Release;
		};
		09F05B841EC2FFA200A770CA /* Debug */ = {
			isa = XCBuildConfiguration;
			buildSettings = {
				ASSETCATALOG_COMPILER_APPICON_NAME = AppIcon;
				DEVELOPMENT_TEAM = A2PUX8CBKK;
				INFOPLIST_FILE = studyRenderAsAlertController/Info.plist;
				LD_RUNPATH_SEARCH_PATHS = "$(inherited) @executable_path/Frameworks";
				PRODUCT_BUNDLE_IDENTIFIER = com.wa0327.study;
				PRODUCT_NAME = "$(TARGET_NAME)";
				SWIFT_VERSION = 3.0;
				TARGETED_DEVICE_FAMILY = 1;
			};
			name = Debug;
		};
		09F05B851EC2FFA200A770CA /* Release */ = {
			isa = XCBuildConfiguration;
			buildSettings = {
				ASSETCATALOG_COMPILER_APPICON_NAME = AppIcon;
				DEVELOPMENT_TEAM = A2PUX8CBKK;
				INFOPLIST_FILE = studyRenderAsAlertController/Info.plist;
				LD_RUNPATH_SEARCH_PATHS = "$(inherited) @executable_path/Frameworks";
				PRODUCT_BUNDLE_IDENTIFIER = com.wa0327.study;
				PRODUCT_NAME = "$(TARGET_NAME)";
				SWIFT_VERSION = 3.0;
				TARGETED_DEVICE_FAMILY = 1;
			};
			name = Release;
		};
/* End XCBuildConfiguration section */

/* Begin XCConfigurationList section */
		09F05B6C1EC2FFA200A770CA /* Build configuration list for PBXProject "studyRenderAsAlertController" */ = {
			isa = XCConfigurationList;
			buildConfigurations = (
				09F05B811EC2FFA200A770CA /* Debug */,
				09F05B821EC2FFA200A770CA /* Release */,
			);
			defaultConfigurationIsVisible = 0;
			defaultConfigurationName = Release;
		};
		09F05B831EC2FFA200A770CA /* Build configuration list for PBXNativeTarget "studyRenderAsAlertController" */ = {
			isa = XCConfigurationList;
			buildConfigurations = (
				09F05B841EC2FFA200A770CA /* Debug */,
				09F05B851EC2FFA200A770CA /* Release */,
			);
			defaultConfigurationIsVisible = 0;
			defaultConfigurationName = Release;
		};
/* End XCConfigurationList section */
	};
	rootObject = 09F05B691EC2FFA200A770CA /* Project object */;
}
